PODS:
  - Action (3.6.0):
    - RxCocoa (~> 4.2.0)
    - RxSwift (~> 4.2.0)
  - ResearchKit (1.5.2)
  - RxBlocking (4.2.0):
    - RxSwift (~> 4.0)
  - RxCocoa (4.2.0):
    - RxSwift (~> 4.0)
  - RxCodable (0.3.0):
    - RxCodable/Core (= 0.3.0)
  - RxCodable/Core (0.3.0):
    - RxSwift (>= 4.0.0-beta.0)
  - RxSwift (4.2.0)
  - RxTest (4.2.0):
    - RxSwift (~> 4.0)

DEPENDENCIES:
  - Action
  - ResearchKit (~> 1.0)
  - RxBlocking (~> 4.0)
  - RxCocoa (~> 4.0)
  - RxCodable
  - RxSwift (~> 4.0)
  - RxTest (~> 4.0)

SPEC REPOS:
  https://github.com/CocoaPods/Specs.git:
    - Action
    - ResearchKit
    - RxBlocking
    - RxCocoa
    - RxCodable
    - RxSwift
    - RxTest

SPEC CHECKSUMS:
  Action: 3d9486d3da02b572b0a034b6c49ac4c3fbcc8b63
  ResearchKit: a5770681dd61afddd3d1f24d232b9abf00cba454
  RxBlocking: e339d8a6e752e25ade95ff858466c55436668f59
  RxCocoa: 0b54909c902e1e581212a03e690bbd94032d8baa
  RxCodable: 12d41ab0ba58f455cfc83965fcc927ac4bad3e7f
  RxSwift: 99e10317ddfcc7fbe01356aafd118fde4a0be104
  RxTest: 8da864c0ee47534f586ff18fb0c7e5b2f1fe5023

PODFILE CHECKSUM: 2253c9248451e642193cac9a7d110e4e840e099d

COCOAPODS: 1.5.0
