// !$*UTF8*$!
{
	archiveVersion = 1;
	classes = {
	};
	objectVersion = 48;
	objects = {

/* Begin PBXBuildFile section */
		2201CCAE1F74178100736AD5 /* bleViewController.swift in Sources */ = {isa = PBXBuildFile; fileRef = 2201CCAD1F74178100736AD5 /* bleViewController.swift */; };
		2201CCB01F741AC400736AD5 /* PeripheralTableViewCell.swift in Sources */ = {isa = PBXBuildFile; fileRef = 2201CCAF1F741AC400736AD5 /* PeripheralTableViewCell.swift */; };
		2201CCB21F742BDE00736AD5 /* UUIDKey.swift in Sources */ = {isa = PBXBuildFile; fileRef = 2201CCB11F742BDE00736AD5 /* UUIDKey.swift */; };
		2202A45E1F79B5410034330F /* variableList.swift in Sources */ = {isa = PBXBuildFile; fileRef = 2202A45D1F79B5410034330F /* variableList.swift */; };
		2208E5331F74B98B00C74074 /* PracticeViewController.swift in Sources */ = {isa = PBXBuildFile; fileRef = 2208E5321F74B98B00C74074 /* PracticeViewController.swift */; };
		2218BC781F7ABE7D009C7434 /* DoctorViewController.swift in Sources */ = {isa = PBXBuildFile; fileRef = 2218BC771F7ABE7D009C7434 /* DoctorViewController.swift */; };
		221E31D1204E590D00C937E6 /* URLs.swift in Sources */ = {isa = PBXBuildFile; fileRef = 221E31D0204E590D00C937E6 /* URLs.swift */; };
		2220F6D71FEA13230048EA27 /* DoctorProgressViewController.storyboard in Resources */ = {isa = PBXBuildFile; fileRef = 2220F6D61FEA13230048EA27 /* DoctorProgressViewController.storyboard */; };
		2220F6D91FEA138C0048EA27 /* DoctorProgressViewController.swift in Sources */ = {isa = PBXBuildFile; fileRef = 2220F6D81FEA138C0048EA27 /* DoctorProgressViewController.swift */; };
		222C587B203AC9A500265FFD /* APIManager.swift in Sources */ = {isa = PBXBuildFile; fileRef = 222C587A203AC9A500265FFD /* APIManager.swift */; };
		222F86F51FC23F5600137AF9 /* ProgressViewController.swift in Sources */ = {isa = PBXBuildFile; fileRef = 222F86F41FC23F5600137AF9 /* ProgressViewController.swift */; };
		222F86F71FC23F8200137AF9 /* ProgressViewController.storyboard in Resources */ = {isa = PBXBuildFile; fileRef = 222F86F61FC23F8200137AF9 /* ProgressViewController.storyboard */; };
		222FAF9B1F9B40DC00288FE7 /* SurveyTask.swift in Sources */ = {isa = PBXBuildFile; fileRef = 222FAF9A1F9B40DC00288FE7 /* SurveyTask.swift */; };
		224F4D6D1FBCE610005AF2A3 /* PracticeViewController.storyboard in Resources */ = {isa = PBXBuildFile; fileRef = 224F4D6C1FBCE610005AF2A3 /* PracticeViewController.storyboard */; };
		224F4D6F1FBCE99B005AF2A3 /* DoctorViewController.storyboard in Resources */ = {isa = PBXBuildFile; fileRef = 224F4D6E1FBCE99B005AF2A3 /* DoctorViewController.storyboard */; };
		224F4D711FBCED4D005AF2A3 /* bleViewController.storyboard in Resources */ = {isa = PBXBuildFile; fileRef = 224F4D701FBCED4D005AF2A3 /* bleViewController.storyboard */; };
		224F4D731FBCED8D005AF2A3 /* ExerciseViewController.storyboard in Resources */ = {isa = PBXBuildFile; fileRef = 224F4D721FBCED8D005AF2A3 /* ExerciseViewController.storyboard */; };
		224F4D761FBCF9DF005AF2A3 /* MainViewController.storyboard in Resources */ = {isa = PBXBuildFile; fileRef = 224F4D751FBCF9DF005AF2A3 /* MainViewController.storyboard */; };
		22654B4D1F7398AF00FB32FA /* AppDelegate.swift in Sources */ = {isa = PBXBuildFile; fileRef = 22654B4C1F7398AF00FB32FA /* AppDelegate.swift */; };
		22654B4F1F7398AF00FB32FA /* LoginViewController.swift in Sources */ = {isa = PBXBuildFile; fileRef = 22654B4E1F7398AF00FB32FA /* LoginViewController.swift */; };
		22654B521F7398AF00FB32FA /* LoginViewController.storyboard in Resources */ = {isa = PBXBuildFile; fileRef = 22654B501F7398AF00FB32FA /* LoginViewController.storyboard */; };
		22654B571F7398AF00FB32FA /* Assets.xcassets in Resources */ = {isa = PBXBuildFile; fileRef = 22654B561F7398AF00FB32FA /* Assets.xcassets */; };
		22691AD520407DF1009E9AF2 /* ExerciseList.swift in Sources */ = {isa = PBXBuildFile; fileRef = 22691AD420407DF1009E9AF2 /* ExerciseList.swift */; };
		226FA4D41FDE0C2D0048B42C /* API.swift in Sources */ = {isa = PBXBuildFile; fileRef = 226FA4D31FDE0C2D0048B42C /* API.swift */; };
		227A5CF41FF026B400AD804A /* ProgressGeneralViewController.storyboard in Resources */ = {isa = PBXBuildFile; fileRef = 227A5CF31FF026B400AD804A /* ProgressGeneralViewController.storyboard */; };
		227D05581FC4E0FD00D5BFB0 /* Dog Walk.xcdatamodeld in Sources */ = {isa = PBXBuildFile; fileRef = 227D05561FC4E0FD00D5BFB0 /* Dog Walk.xcdatamodeld */; };
		2280B258203CAAFD00E0A348 /* APIClient.swift in Sources */ = {isa = PBXBuildFile; fileRef = 2280B257203CAAFD00E0A348 /* APIClient.swift */; };
		229909281F75DD4D0041B9FB /* KDCircularProgress.swift in Sources */ = {isa = PBXBuildFile; fileRef = 229909271F75DD4D0041B9FB /* KDCircularProgress.swift */; };
		22A29BBB1FB87AD10010B0AE /* File.swift in Sources */ = {isa = PBXBuildFile; fileRef = 22A29BBA1FB87AD10010B0AE /* File.swift */; };
		22A506621F7569FE0051A199 /* CoreBluetooth.framework in Frameworks */ = {isa = PBXBuildFile; fileRef = 22A506611F7569FE0051A199 /* CoreBluetooth.framework */; };
		22A912B91FF639830073DA87 /* PatientData.swift in Sources */ = {isa = PBXBuildFile; fileRef = 22A912B81FF639830073DA87 /* PatientData.swift */; };
		22AE3B1D1F7884D500C27D0F /* TableViewCell.swift in Sources */ = {isa = PBXBuildFile; fileRef = 22AE3B1C1F7884D500C27D0F /* TableViewCell.swift */; };
		22AE3B1F1F7884FE00C27D0F /* ExerciseViewController.swift in Sources */ = {isa = PBXBuildFile; fileRef = 22AE3B1E1F7884FE00C27D0F /* ExerciseViewController.swift */; };
		22C3B35A2041C8180011663C /* ExerciseParameterViewController.storyboard in Resources */ = {isa = PBXBuildFile; fileRef = 22C3B3592041C8180011663C /* ExerciseParameterViewController.storyboard */; };
		22D86141203D023000FE2FA6 /* APIRequest.swift in Sources */ = {isa = PBXBuildFile; fileRef = 22D86140203D023000FE2FA6 /* APIRequest.swift */; };
		22D86143203D030D00FE2FA6 /* FetchDataManager.swift in Sources */ = {isa = PBXBuildFile; fileRef = 22D86142203D030D00FE2FA6 /* FetchDataManager.swift */; };
		22D86145203D059500FE2FA6 /* Exercise.swift in Sources */ = {isa = PBXBuildFile; fileRef = 22D86144203D059500FE2FA6 /* Exercise.swift */; };
		22D86147203D201200FE2FA6 /* ExerciseData.swift in Sources */ = {isa = PBXBuildFile; fileRef = 22D86146203D201200FE2FA6 /* ExerciseData.swift */; };
		22D86149203D32F200FE2FA6 /* Activity.swift in Sources */ = {isa = PBXBuildFile; fileRef = 22D86148203D32F200FE2FA6 /* Activity.swift */; };
		22DB88121F9771C800897D2B /* ConsentDocument.swift in Sources */ = {isa = PBXBuildFile; fileRef = 22DB88111F9771C800897D2B /* ConsentDocument.swift */; };
		22DB881A1F97724E00897D2B /* ConsentTask.swift in Sources */ = {isa = PBXBuildFile; fileRef = 22DB88191F97724E00897D2B /* ConsentTask.swift */; };
		22DC55EB1FD07DFA00F881C4 /* ProgressDetailViewController.storyboard in Resources */ = {isa = PBXBuildFile; fileRef = 22DC55EA1FD07DFA00F881C4 /* ProgressDetailViewController.storyboard */; };
		22DC55ED1FD07E6D00F881C4 /* ProgressDetailViewController.swift in Sources */ = {isa = PBXBuildFile; fileRef = 22DC55EC1FD07E6D00F881C4 /* ProgressDetailViewController.swift */; };
		22DEEA6D1FC6EB0600117FE4 /* CoreDataStack.swift in Sources */ = {isa = PBXBuildFile; fileRef = 22DEEA6C1FC6EB0600117FE4 /* CoreDataStack.swift */; };
		22E0FDB91FCA2B920070BB55 /* Default-568h@2x.png in Resources */ = {isa = PBXBuildFile; fileRef = 22E0FDB41FCA2B920070BB55 /* Default-568h@2x.png */; };
		22E38F001F73B8B30031B7A9 /* MainViewController.swift in Sources */ = {isa = PBXBuildFile; fileRef = 22E38EFF1F73B8B30031B7A9 /* MainViewController.swift */; };
		22E9D5311FE9BBD800901B24 /* Dog+CoreDataClass.swift in Sources */ = {isa = PBXBuildFile; fileRef = 22E9D52D1FE9BBD800901B24 /* Dog+CoreDataClass.swift */; };
		22E9D5321FE9BBD800901B24 /* Dog+CoreDataProperties.swift in Sources */ = {isa = PBXBuildFile; fileRef = 22E9D52E1FE9BBD800901B24 /* Dog+CoreDataProperties.swift */; };
		22E9D5331FE9BBD800901B24 /* Walk+CoreDataClass.swift in Sources */ = {isa = PBXBuildFile; fileRef = 22E9D52F1FE9BBD800901B24 /* Walk+CoreDataClass.swift */; };
		22E9D5341FE9BBD800901B24 /* Walk+CoreDataProperties.swift in Sources */ = {isa = PBXBuildFile; fileRef = 22E9D5301FE9BBD800901B24 /* Walk+CoreDataProperties.swift */; };
		717E1ED1E05059054D695A80 /* Pods_M2MTests.framework in Frameworks */ = {isa = PBXBuildFile; fileRef = C30E3FE44D4932B21F14276C /* Pods_M2MTests.framework */; };
		84129CAA7AAFFC5071A5B414 /* Pods_M2MUITests.framework in Frameworks */ = {isa = PBXBuildFile; fileRef = B08F0B79188F2028B513FEB7 /* Pods_M2MUITests.framework */; };
		9E05E6DF20630CCA00260C50 /* NetworkHelper.swift in Sources */ = {isa = PBXBuildFile; fileRef = 9E05E6DE20630CC900260C50 /* NetworkHelper.swift */; };
		9E05E6E120630D6100260C50 /* AppError.swift in Sources */ = {isa = PBXBuildFile; fileRef = 9E05E6E020630D6100260C50 /* AppError.swift */; };
		9E05E6E320630FD700260C50 /* AssignmentAPIHelper.swift in Sources */ = {isa = PBXBuildFile; fileRef = 9E05E6E220630FD700260C50 /* AssignmentAPIHelper.swift */; };
		9E36F27E2059C81800D2D172 /* AppStoryboard.swift in Sources */ = {isa = PBXBuildFile; fileRef = 9E36F27D2059C81800D2D172 /* AppStoryboard.swift */; };
		9E36F2832059C9A600D2D172 /* TimeInterval+String.swift in Sources */ = {isa = PBXBuildFile; fileRef = 9E36F27F2059C9A600D2D172 /* TimeInterval+String.swift */; };
		9E36F2842059C9A600D2D172 /* String+Replacement.swift in Sources */ = {isa = PBXBuildFile; fileRef = 9E36F2802059C9A600D2D172 /* String+Replacement.swift */; };
		9E36F2852059C9A600D2D172 /* UIViewController+StoryboardInstantiation.swift in Sources */ = {isa = PBXBuildFile; fileRef = 9E36F2812059C9A600D2D172 /* UIViewController+StoryboardInstantiation.swift */; };
		9E36F2862059C9A600D2D172 /* Double+Operations.swift in Sources */ = {isa = PBXBuildFile; fileRef = 9E36F2822059C9A600D2D172 /* Double+Operations.swift */; };
		9E52B6B6206C1E16004127B6 /* Defaults.swift in Sources */ = {isa = PBXBuildFile; fileRef = 9E52B6B5206C1E16004127B6 /* Defaults.swift */; };
		9E5EBD7D206B54C100897836 /* Therapist.swift in Sources */ = {isa = PBXBuildFile; fileRef = 9E5EBD7C206B54C100897836 /* Therapist.swift */; };
		9E5EBD7F206B552500897836 /* LoginData.swift in Sources */ = {isa = PBXBuildFile; fileRef = 9E5EBD7E206B552500897836 /* LoginData.swift */; };
		9E5EBD81206B557600897836 /* AuthData.swift in Sources */ = {isa = PBXBuildFile; fileRef = 9E5EBD80206B557600897836 /* AuthData.swift */; };
		9E7CD7CC205F67880045C666 /* Assignment.swift in Sources */ = {isa = PBXBuildFile; fileRef = 9E7CD7CB205F67880045C666 /* Assignment.swift */; };
		9E901F88207630120007649F /* ExerciseAPIHelper.swift in Sources */ = {isa = PBXBuildFile; fileRef = 9E901F87207630120007649F /* ExerciseAPIHelper.swift */; };
		9EE4FCDE2059B30600A35A24 /* ExerciseParameterViewModel.swift in Sources */ = {isa = PBXBuildFile; fileRef = 9EE4FCDB2059B30600A35A24 /* ExerciseParameterViewModel.swift */; };
		9EE4FCDF2059B30600A35A24 /* ProgressGeneralViewController.swift in Sources */ = {isa = PBXBuildFile; fileRef = 9EE4FCDC2059B30600A35A24 /* ProgressGeneralViewController.swift */; };
		9EE4FCE02059B30600A35A24 /* ExerciseParameterViewController.swift in Sources */ = {isa = PBXBuildFile; fileRef = 9EE4FCDD2059B30600A35A24 /* ExerciseParameterViewController.swift */; };
		A69F71C9F4A1478188E083AA /* Pods_M2M.framework in Frameworks */ = {isa = PBXBuildFile; fileRef = 1FFA14D3E9CDB19758EEC98F /* Pods_M2M.framework */; };
/* End PBXBuildFile section */

/* Begin PBXContainerItemProxy section */
		22654B611F7398AF00FB32FA /* PBXContainerItemProxy */ = {
			isa = PBXContainerItemProxy;
			containerPortal = 22654B411F7398AF00FB32FA /* Project object */;
			proxyType = 1;
			remoteGlobalIDString = 22654B481F7398AF00FB32FA;
			remoteInfo = thePrototype;
		};
		22654B6C1F7398AF00FB32FA /* PBXContainerItemProxy */ = {
			isa = PBXContainerItemProxy;
			containerPortal = 22654B411F7398AF00FB32FA /* Project object */;
			proxyType = 1;
			remoteGlobalIDString = 22654B481F7398AF00FB32FA;
			remoteInfo = thePrototype;
		};
/* End PBXContainerItemProxy section */

/* Begin PBXCopyFilesBuildPhase section */
		22661AD41F96192B006BDCA2 /* Embed Frameworks */ = {
			isa = PBXCopyFilesBuildPhase;
			buildActionMask = 2147483647;
			dstPath = "";
			dstSubfolderSpec = 10;
			files = (
			);
			name = "Embed Frameworks";
			runOnlyForDeploymentPostprocessing = 0;
		};
/* End PBXCopyFilesBuildPhase section */

/* Begin PBXFileReference section */
		0EED4ECD9E80BFA54D18B69A /* Pods-M2MUITests.release.xcconfig */ = {isa = PBXFileReference; includeInIndex = 1; lastKnownFileType = text.xcconfig; name = "Pods-M2MUITests.release.xcconfig"; path = "Pods/Target Support Files/Pods-M2MUITests/Pods-M2MUITests.release.xcconfig"; sourceTree = "<group>"; };
		19F0F593F9B0933472AFB651 /* Pods-M2MTests.debug.xcconfig */ = {isa = PBXFileReference; includeInIndex = 1; lastKnownFileType = text.xcconfig; name = "Pods-M2MTests.debug.xcconfig"; path = "Pods/Target Support Files/Pods-M2MTests/Pods-M2MTests.debug.xcconfig"; sourceTree = "<group>"; };
		1FFA14D3E9CDB19758EEC98F /* Pods_M2M.framework */ = {isa = PBXFileReference; explicitFileType = wrapper.framework; includeInIndex = 0; path = Pods_M2M.framework; sourceTree = BUILT_PRODUCTS_DIR; };
		2201CCAD1F74178100736AD5 /* bleViewController.swift */ = {isa = PBXFileReference; lastKnownFileType = sourcecode.swift; path = bleViewController.swift; sourceTree = "<group>"; };
		2201CCAF1F741AC400736AD5 /* PeripheralTableViewCell.swift */ = {isa = PBXFileReference; lastKnownFileType = sourcecode.swift; path = PeripheralTableViewCell.swift; sourceTree = "<group>"; };
		2201CCB11F742BDE00736AD5 /* UUIDKey.swift */ = {isa = PBXFileReference; lastKnownFileType = sourcecode.swift; path = UUIDKey.swift; sourceTree = "<group>"; };
		2202A45D1F79B5410034330F /* variableList.swift */ = {isa = PBXFileReference; lastKnownFileType = sourcecode.swift; path = variableList.swift; sourceTree = "<group>"; };
		2208E5321F74B98B00C74074 /* PracticeViewController.swift */ = {isa = PBXFileReference; lastKnownFileType = sourcecode.swift; path = PracticeViewController.swift; sourceTree = "<group>"; };
		2218BC771F7ABE7D009C7434 /* DoctorViewController.swift */ = {isa = PBXFileReference; lastKnownFileType = sourcecode.swift; path = DoctorViewController.swift; sourceTree = "<group>"; };
		221E31D0204E590D00C937E6 /* URLs.swift */ = {isa = PBXFileReference; lastKnownFileType = sourcecode.swift; path = URLs.swift; sourceTree = "<group>"; };
		2220F6D61FEA13230048EA27 /* DoctorProgressViewController.storyboard */ = {isa = PBXFileReference; lastKnownFileType = file.storyboard; path = DoctorProgressViewController.storyboard; sourceTree = "<group>"; };
		2220F6D81FEA138C0048EA27 /* DoctorProgressViewController.swift */ = {isa = PBXFileReference; lastKnownFileType = sourcecode.swift; path = DoctorProgressViewController.swift; sourceTree = "<group>"; };
		222C587A203AC9A500265FFD /* APIManager.swift */ = {isa = PBXFileReference; lastKnownFileType = sourcecode.swift; path = APIManager.swift; sourceTree = "<group>"; };
		222F86F41FC23F5600137AF9 /* ProgressViewController.swift */ = {isa = PBXFileReference; lastKnownFileType = sourcecode.swift; path = ProgressViewController.swift; sourceTree = "<group>"; };
		222F86F61FC23F8200137AF9 /* ProgressViewController.storyboard */ = {isa = PBXFileReference; lastKnownFileType = file.storyboard; path = ProgressViewController.storyboard; sourceTree = "<group>"; };
		222FAF9A1F9B40DC00288FE7 /* SurveyTask.swift */ = {isa = PBXFileReference; lastKnownFileType = sourcecode.swift; path = SurveyTask.swift; sourceTree = "<group>"; };
		224F4D6C1FBCE610005AF2A3 /* PracticeViewController.storyboard */ = {isa = PBXFileReference; lastKnownFileType = file.storyboard; path = PracticeViewController.storyboard; sourceTree = "<group>"; };
		224F4D6E1FBCE99B005AF2A3 /* DoctorViewController.storyboard */ = {isa = PBXFileReference; lastKnownFileType = file.storyboard; path = DoctorViewController.storyboard; sourceTree = "<group>"; };
		224F4D701FBCED4D005AF2A3 /* bleViewController.storyboard */ = {isa = PBXFileReference; lastKnownFileType = file.storyboard; path = bleViewController.storyboard; sourceTree = "<group>"; };
		224F4D721FBCED8D005AF2A3 /* ExerciseViewController.storyboard */ = {isa = PBXFileReference; lastKnownFileType = file.storyboard; path = ExerciseViewController.storyboard; sourceTree = "<group>"; };
		224F4D751FBCF9DF005AF2A3 /* MainViewController.storyboard */ = {isa = PBXFileReference; lastKnownFileType = file.storyboard; path = MainViewController.storyboard; sourceTree = "<group>"; };
		22654B491F7398AF00FB32FA /* M2M.app */ = {isa = PBXFileReference; explicitFileType = wrapper.application; includeInIndex = 0; path = M2M.app; sourceTree = BUILT_PRODUCTS_DIR; };
		22654B4C1F7398AF00FB32FA /* AppDelegate.swift */ = {isa = PBXFileReference; lastKnownFileType = sourcecode.swift; path = AppDelegate.swift; sourceTree = "<group>"; };
		22654B4E1F7398AF00FB32FA /* LoginViewController.swift */ = {isa = PBXFileReference; lastKnownFileType = sourcecode.swift; path = LoginViewController.swift; sourceTree = "<group>"; };
		22654B511F7398AF00FB32FA /* Base */ = {isa = PBXFileReference; lastKnownFileType = file.storyboard; name = Base; path = Base.lproj/LoginViewController.storyboard; sourceTree = "<group>"; };
		22654B561F7398AF00FB32FA /* Assets.xcassets */ = {isa = PBXFileReference; lastKnownFileType = folder.assetcatalog; path = Assets.xcassets; sourceTree = "<group>"; };
		22654B5B1F7398AF00FB32FA /* Info.plist */ = {isa = PBXFileReference; lastKnownFileType = text.plist.xml; path = Info.plist; sourceTree = "<group>"; };
		22654B601F7398AF00FB32FA /* M2MTests.xctest */ = {isa = PBXFileReference; explicitFileType = wrapper.cfbundle; includeInIndex = 0; path = M2MTests.xctest; sourceTree = BUILT_PRODUCTS_DIR; };
		22654B6B1F7398AF00FB32FA /* M2MUITests.xctest */ = {isa = PBXFileReference; explicitFileType = wrapper.cfbundle; includeInIndex = 0; path = M2MUITests.xctest; sourceTree = BUILT_PRODUCTS_DIR; };
		22691AD420407DF1009E9AF2 /* ExerciseList.swift */ = {isa = PBXFileReference; lastKnownFileType = sourcecode.swift; path = ExerciseList.swift; sourceTree = "<group>"; };
		226FA4D31FDE0C2D0048B42C /* API.swift */ = {isa = PBXFileReference; lastKnownFileType = sourcecode.swift; path = API.swift; sourceTree = "<group>"; };
		227A5CF31FF026B400AD804A /* ProgressGeneralViewController.storyboard */ = {isa = PBXFileReference; lastKnownFileType = file.storyboard; path = ProgressGeneralViewController.storyboard; sourceTree = "<group>"; };
		227D05571FC4E0FD00D5BFB0 /* Dog Walk.xcdatamodel */ = {isa = PBXFileReference; lastKnownFileType = wrapper.xcdatamodel; path = "Dog Walk.xcdatamodel"; sourceTree = "<group>"; };
		2280B257203CAAFD00E0A348 /* APIClient.swift */ = {isa = PBXFileReference; lastKnownFileType = sourcecode.swift; path = APIClient.swift; sourceTree = "<group>"; };
		229909271F75DD4D0041B9FB /* KDCircularProgress.swift */ = {isa = PBXFileReference; lastKnownFileType = sourcecode.swift; path = KDCircularProgress.swift; sourceTree = "<group>"; };
		22A29BBA1FB87AD10010B0AE /* File.swift */ = {isa = PBXFileReference; lastKnownFileType = sourcecode.swift; path = File.swift; sourceTree = "<group>"; };
		22A506611F7569FE0051A199 /* CoreBluetooth.framework */ = {isa = PBXFileReference; lastKnownFileType = wrapper.framework; name = CoreBluetooth.framework; path = System/Library/Frameworks/CoreBluetooth.framework; sourceTree = SDKROOT; };
		22A912B81FF639830073DA87 /* PatientData.swift */ = {isa = PBXFileReference; lastKnownFileType = sourcecode.swift; path = PatientData.swift; sourceTree = "<group>"; };
		22AE3B1C1F7884D500C27D0F /* TableViewCell.swift */ = {isa = PBXFileReference; lastKnownFileType = sourcecode.swift; path = TableViewCell.swift; sourceTree = "<group>"; };
		22AE3B1E1F7884FE00C27D0F /* ExerciseViewController.swift */ = {isa = PBXFileReference; lastKnownFileType = sourcecode.swift; path = ExerciseViewController.swift; sourceTree = "<group>"; };
		22C3B3592041C8180011663C /* ExerciseParameterViewController.storyboard */ = {isa = PBXFileReference; lastKnownFileType = file.storyboard; path = ExerciseParameterViewController.storyboard; sourceTree = "<group>"; };
		22D86140203D023000FE2FA6 /* APIRequest.swift */ = {isa = PBXFileReference; lastKnownFileType = sourcecode.swift; path = APIRequest.swift; sourceTree = "<group>"; };
		22D86142203D030D00FE2FA6 /* FetchDataManager.swift */ = {isa = PBXFileReference; lastKnownFileType = sourcecode.swift; path = FetchDataManager.swift; sourceTree = "<group>"; };
		22D86144203D059500FE2FA6 /* Exercise.swift */ = {isa = PBXFileReference; lastKnownFileType = sourcecode.swift; path = Exercise.swift; sourceTree = "<group>"; };
		22D86146203D201200FE2FA6 /* ExerciseData.swift */ = {isa = PBXFileReference; lastKnownFileType = sourcecode.swift; path = ExerciseData.swift; sourceTree = "<group>"; };
		22D86148203D32F200FE2FA6 /* Activity.swift */ = {isa = PBXFileReference; lastKnownFileType = sourcecode.swift; path = Activity.swift; sourceTree = "<group>"; };
		22DB88111F9771C800897D2B /* ConsentDocument.swift */ = {isa = PBXFileReference; lastKnownFileType = sourcecode.swift; path = ConsentDocument.swift; sourceTree = "<group>"; };
		22DB88191F97724E00897D2B /* ConsentTask.swift */ = {isa = PBXFileReference; lastKnownFileType = sourcecode.swift; path = ConsentTask.swift; sourceTree = "<group>"; };
		22DC55EA1FD07DFA00F881C4 /* ProgressDetailViewController.storyboard */ = {isa = PBXFileReference; lastKnownFileType = file.storyboard; path = ProgressDetailViewController.storyboard; sourceTree = "<group>"; };
		22DC55EC1FD07E6D00F881C4 /* ProgressDetailViewController.swift */ = {isa = PBXFileReference; lastKnownFileType = sourcecode.swift; path = ProgressDetailViewController.swift; sourceTree = "<group>"; };
		22DEEA6C1FC6EB0600117FE4 /* CoreDataStack.swift */ = {isa = PBXFileReference; lastKnownFileType = sourcecode.swift; path = CoreDataStack.swift; sourceTree = "<group>"; };
		22E0FDB41FCA2B920070BB55 /* Default-568h@2x.png */ = {isa = PBXFileReference; lastKnownFileType = image.png; path = "Default-568h@2x.png"; sourceTree = "<group>"; };
		22E38EFF1F73B8B30031B7A9 /* MainViewController.swift */ = {isa = PBXFileReference; lastKnownFileType = sourcecode.swift; path = MainViewController.swift; sourceTree = "<group>"; };
		22E9D52D1FE9BBD800901B24 /* Dog+CoreDataClass.swift */ = {isa = PBXFileReference; lastKnownFileType = sourcecode.swift; path = "Dog+CoreDataClass.swift"; sourceTree = "<group>"; };
		22E9D52E1FE9BBD800901B24 /* Dog+CoreDataProperties.swift */ = {isa = PBXFileReference; lastKnownFileType = sourcecode.swift; path = "Dog+CoreDataProperties.swift"; sourceTree = "<group>"; };
		22E9D52F1FE9BBD800901B24 /* Walk+CoreDataClass.swift */ = {isa = PBXFileReference; lastKnownFileType = sourcecode.swift; path = "Walk+CoreDataClass.swift"; sourceTree = "<group>"; };
		22E9D5301FE9BBD800901B24 /* Walk+CoreDataProperties.swift */ = {isa = PBXFileReference; lastKnownFileType = sourcecode.swift; path = "Walk+CoreDataProperties.swift"; sourceTree = "<group>"; };
		46F66DF9B6F6735E88CEB254 /* Pods-M2M.release.xcconfig */ = {isa = PBXFileReference; includeInIndex = 1; lastKnownFileType = text.xcconfig; name = "Pods-M2M.release.xcconfig"; path = "Pods/Target Support Files/Pods-M2M/Pods-M2M.release.xcconfig"; sourceTree = "<group>"; };
		5D8CE85C6D47B125D4281F02 /* Pods-M2MUITests.debug.xcconfig */ = {isa = PBXFileReference; includeInIndex = 1; lastKnownFileType = text.xcconfig; name = "Pods-M2MUITests.debug.xcconfig"; path = "Pods/Target Support Files/Pods-M2MUITests/Pods-M2MUITests.debug.xcconfig"; sourceTree = "<group>"; };
		9E05E6DE20630CC900260C50 /* NetworkHelper.swift */ = {isa = PBXFileReference; lastKnownFileType = sourcecode.swift; path = NetworkHelper.swift; sourceTree = "<group>"; };
		9E05E6E020630D6100260C50 /* AppError.swift */ = {isa = PBXFileReference; lastKnownFileType = sourcecode.swift; path = AppError.swift; sourceTree = "<group>"; };
		9E05E6E220630FD700260C50 /* AssignmentAPIHelper.swift */ = {isa = PBXFileReference; lastKnownFileType = sourcecode.swift; path = AssignmentAPIHelper.swift; sourceTree = "<group>"; };
		9E36F27D2059C81800D2D172 /* AppStoryboard.swift */ = {isa = PBXFileReference; lastKnownFileType = sourcecode.swift; path = AppStoryboard.swift; sourceTree = "<group>"; };
		9E36F27F2059C9A600D2D172 /* TimeInterval+String.swift */ = {isa = PBXFileReference; fileEncoding = 4; lastKnownFileType = sourcecode.swift; name = "TimeInterval+String.swift"; path = "M2M/Extensions/TimeInterval+String.swift"; sourceTree = "<group>"; };
		9E36F2802059C9A600D2D172 /* String+Replacement.swift */ = {isa = PBXFileReference; fileEncoding = 4; lastKnownFileType = sourcecode.swift; name = "String+Replacement.swift"; path = "M2M/Extensions/String+Replacement.swift"; sourceTree = "<group>"; };
		9E36F2812059C9A600D2D172 /* UIViewController+StoryboardInstantiation.swift */ = {isa = PBXFileReference; fileEncoding = 4; lastKnownFileType = sourcecode.swift; name = "UIViewController+StoryboardInstantiation.swift"; path = "M2M/Extensions/UIViewController+StoryboardInstantiation.swift"; sourceTree = "<group>"; };
		9E36F2822059C9A600D2D172 /* Double+Operations.swift */ = {isa = PBXFileReference; fileEncoding = 4; lastKnownFileType = sourcecode.swift; name = "Double+Operations.swift"; path = "M2M/Extensions/Double+Operations.swift"; sourceTree = "<group>"; };
		9E52B6B5206C1E16004127B6 /* Defaults.swift */ = {isa = PBXFileReference; lastKnownFileType = sourcecode.swift; path = Defaults.swift; sourceTree = "<group>"; };
		9E5EBD7C206B54C100897836 /* Therapist.swift */ = {isa = PBXFileReference; lastKnownFileType = sourcecode.swift; path = Therapist.swift; sourceTree = "<group>"; };
		9E5EBD7E206B552500897836 /* LoginData.swift */ = {isa = PBXFileReference; lastKnownFileType = sourcecode.swift; path = LoginData.swift; sourceTree = "<group>"; };
		9E5EBD80206B557600897836 /* AuthData.swift */ = {isa = PBXFileReference; lastKnownFileType = sourcecode.swift; path = AuthData.swift; sourceTree = "<group>"; };
		9E7CD7CB205F67880045C666 /* Assignment.swift */ = {isa = PBXFileReference; lastKnownFileType = sourcecode.swift; path = Assignment.swift; sourceTree = "<group>"; };
		9E901F87207630120007649F /* ExerciseAPIHelper.swift */ = {isa = PBXFileReference; lastKnownFileType = sourcecode.swift; path = ExerciseAPIHelper.swift; sourceTree = "<group>"; };
		9EE4FCDB2059B30600A35A24 /* ExerciseParameterViewModel.swift */ = {isa = PBXFileReference; fileEncoding = 4; lastKnownFileType = sourcecode.swift; path = ExerciseParameterViewModel.swift; sourceTree = "<group>"; };
		9EE4FCDC2059B30600A35A24 /* ProgressGeneralViewController.swift */ = {isa = PBXFileReference; fileEncoding = 4; lastKnownFileType = sourcecode.swift; path = ProgressGeneralViewController.swift; sourceTree = "<group>"; };
		9EE4FCDD2059B30600A35A24 /* ExerciseParameterViewController.swift */ = {isa = PBXFileReference; fileEncoding = 4; lastKnownFileType = sourcecode.swift; path = ExerciseParameterViewController.swift; sourceTree = "<group>"; };
		B08F0B79188F2028B513FEB7 /* Pods_M2MUITests.framework */ = {isa = PBXFileReference; explicitFileType = wrapper.framework; includeInIndex = 0; path = Pods_M2MUITests.framework; sourceTree = BUILT_PRODUCTS_DIR; };
		C30E3FE44D4932B21F14276C /* Pods_M2MTests.framework */ = {isa = PBXFileReference; explicitFileType = wrapper.framework; includeInIndex = 0; path = Pods_M2MTests.framework; sourceTree = BUILT_PRODUCTS_DIR; };
		C48B4B07ABF06176AAC03DDB /* Pods-M2M.debug.xcconfig */ = {isa = PBXFileReference; includeInIndex = 1; lastKnownFileType = text.xcconfig; name = "Pods-M2M.debug.xcconfig"; path = "Pods/Target Support Files/Pods-M2M/Pods-M2M.debug.xcconfig"; sourceTree = "<group>"; };
		DC66F12BB3EAEF4ABC505852 /* Pods-M2MTests.release.xcconfig */ = {isa = PBXFileReference; includeInIndex = 1; lastKnownFileType = text.xcconfig; name = "Pods-M2MTests.release.xcconfig"; path = "Pods/Target Support Files/Pods-M2MTests/Pods-M2MTests.release.xcconfig"; sourceTree = "<group>"; };
/* End PBXFileReference section */

/* Begin PBXFrameworksBuildPhase section */
		22654B461F7398AF00FB32FA /* Frameworks */ = {
			isa = PBXFrameworksBuildPhase;
			buildActionMask = 2147483647;
			files = (
				22A506621F7569FE0051A199 /* CoreBluetooth.framework in Frameworks */,
				A69F71C9F4A1478188E083AA /* Pods_M2M.framework in Frameworks */,
			);
			runOnlyForDeploymentPostprocessing = 0;
		};
		22654B5D1F7398AF00FB32FA /* Frameworks */ = {
			isa = PBXFrameworksBuildPhase;
			buildActionMask = 2147483647;
			files = (
				717E1ED1E05059054D695A80 /* Pods_M2MTests.framework in Frameworks */,
			);
			runOnlyForDeploymentPostprocessing = 0;
		};
		22654B681F7398AF00FB32FA /* Frameworks */ = {
			isa = PBXFrameworksBuildPhase;
			buildActionMask = 2147483647;
			files = (
				84129CAA7AAFFC5071A5B414 /* Pods_M2MUITests.framework in Frameworks */,
			);
			runOnlyForDeploymentPostprocessing = 0;
		};
/* End PBXFrameworksBuildPhase section */

/* Begin PBXGroup section */
		22191FB81FC6191700BB5B4B /* Core Data */ = {
			isa = PBXGroup;
			children = (
				22DEEA6C1FC6EB0600117FE4 /* CoreDataStack.swift */,
				22E9D52D1FE9BBD800901B24 /* Dog+CoreDataClass.swift */,
				22E9D52E1FE9BBD800901B24 /* Dog+CoreDataProperties.swift */,
				22E9D52F1FE9BBD800901B24 /* Walk+CoreDataClass.swift */,
				22E9D5301FE9BBD800901B24 /* Walk+CoreDataProperties.swift */,
				22D86142203D030D00FE2FA6 /* FetchDataManager.swift */,
			);
			path = "Core Data";
			sourceTree = "<group>";
		};
		222C587C203C010100265FFD /* View Controllers */ = {
			isa = PBXGroup;
			children = (
				2201CCAD1F74178100736AD5 /* bleViewController.swift */,
				2220F6D81FEA138C0048EA27 /* DoctorProgressViewController.swift */,
				2218BC771F7ABE7D009C7434 /* DoctorViewController.swift */,
				9EE4FCDD2059B30600A35A24 /* ExerciseParameterViewController.swift */,
				22AE3B1E1F7884FE00C27D0F /* ExerciseViewController.swift */,
				22654B4E1F7398AF00FB32FA /* LoginViewController.swift */,
				22E38EFF1F73B8B30031B7A9 /* MainViewController.swift */,
				2208E5321F74B98B00C74074 /* PracticeViewController.swift */,
				22DC55EC1FD07E6D00F881C4 /* ProgressDetailViewController.swift */,
				9EE4FCDC2059B30600A35A24 /* ProgressGeneralViewController.swift */,
				222F86F41FC23F5600137AF9 /* ProgressViewController.swift */,
			);
			path = "View Controllers";
			sourceTree = "<group>";
		};
		225A7CFF203CB3EC00D0978E /* Storyboards */ = {
			isa = PBXGroup;
			children = (
				222F86F61FC23F8200137AF9 /* ProgressViewController.storyboard */,
				22DC55EA1FD07DFA00F881C4 /* ProgressDetailViewController.storyboard */,
				22654B501F7398AF00FB32FA /* LoginViewController.storyboard */,
				224F4D6C1FBCE610005AF2A3 /* PracticeViewController.storyboard */,
				224F4D751FBCF9DF005AF2A3 /* MainViewController.storyboard */,
				224F4D6E1FBCE99B005AF2A3 /* DoctorViewController.storyboard */,
				2220F6D61FEA13230048EA27 /* DoctorProgressViewController.storyboard */,
				227A5CF31FF026B400AD804A /* ProgressGeneralViewController.storyboard */,
				224F4D701FBCED4D005AF2A3 /* bleViewController.storyboard */,
				224F4D721FBCED8D005AF2A3 /* ExerciseViewController.storyboard */,
				22C3B3592041C8180011663C /* ExerciseParameterViewController.storyboard */,
			);
			path = Storyboards;
			sourceTree = "<group>";
		};
		225A7D00203CB4CE00D0978E /* Models */ = {
			isa = PBXGroup;
			children = (
				22D86148203D32F200FE2FA6 /* Activity.swift */,
				9E36F27D2059C81800D2D172 /* AppStoryboard.swift */,
				9E7CD7CB205F67880045C666 /* Assignment.swift */,
				9E5EBD80206B557600897836 /* AuthData.swift */,
				22D86144203D059500FE2FA6 /* Exercise.swift */,
				22D86146203D201200FE2FA6 /* ExerciseData.swift */,
				22691AD420407DF1009E9AF2 /* ExerciseList.swift */,
				9E5EBD7E206B552500897836 /* LoginData.swift */,
				22A912B81FF639830073DA87 /* PatientData.swift */,
				9E5EBD7C206B54C100897836 /* Therapist.swift */,
			);
			path = Models;
			sourceTree = "<group>";
		};
		22654B401F7398AF00FB32FA = {
			isa = PBXGroup;
			children = (
				22654B4B1F7398AF00FB32FA /* M2M */,
				22654B4A1F7398AF00FB32FA /* Products */,
				22A506601F7569FE0051A199 /* Frameworks */,
				6C4BB6853F94A3F17A186B17 /* Pods */,
			);
			sourceTree = "<group>";
		};
		22654B4A1F7398AF00FB32FA /* Products */ = {
			isa = PBXGroup;
			children = (
				22654B491F7398AF00FB32FA /* M2M.app */,
				22654B601F7398AF00FB32FA /* M2MTests.xctest */,
				22654B6B1F7398AF00FB32FA /* M2MUITests.xctest */,
			);
			name = Products;
			sourceTree = "<group>";
		};
		22654B4B1F7398AF00FB32FA /* M2M */ = {
			isa = PBXGroup;
			children = (
				22191FB81FC6191700BB5B4B /* Core Data */,
				9EE4FCEA2059C5EB00A35A24 /* Extensions */,
				225A7D00203CB4CE00D0978E /* Models */,
				2280B256203CAA0700E0A348 /* Managers */,
				225A7CFF203CB3EC00D0978E /* Storyboards */,
				9E36F2872059CA2000D2D172 /* Supporting Files */,
				222C587C203C010100265FFD /* View Controllers */,
				9E52B6B1206C136C004127B6 /* View Models */,
				9E36F2882059CA9A00D2D172 /* Views */,
			);
			path = M2M;
			sourceTree = "<group>";
		};
		2280B256203CAA0700E0A348 /* Managers */ = {
			isa = PBXGroup;
			children = (
				9E05E6E42063158300260C50 /* Vic's APIs */,
				9E52B6B2206C1DE9004127B6 /* Networking Managers */,
				9E52B6B5206C1E16004127B6 /* Defaults.swift */,
			);
			path = Managers;
			sourceTree = "<group>";
		};
		22A506601F7569FE0051A199 /* Frameworks */ = {
			isa = PBXGroup;
			children = (
				22A506611F7569FE0051A199 /* CoreBluetooth.framework */,
				1FFA14D3E9CDB19758EEC98F /* Pods_M2M.framework */,
				C30E3FE44D4932B21F14276C /* Pods_M2MTests.framework */,
				B08F0B79188F2028B513FEB7 /* Pods_M2MUITests.framework */,
			);
			name = Frameworks;
			sourceTree = "<group>";
		};
		6C4BB6853F94A3F17A186B17 /* Pods */ = {
			isa = PBXGroup;
			children = (
				C48B4B07ABF06176AAC03DDB /* Pods-M2M.debug.xcconfig */,
				46F66DF9B6F6735E88CEB254 /* Pods-M2M.release.xcconfig */,
				19F0F593F9B0933472AFB651 /* Pods-M2MTests.debug.xcconfig */,
				DC66F12BB3EAEF4ABC505852 /* Pods-M2MTests.release.xcconfig */,
				5D8CE85C6D47B125D4281F02 /* Pods-M2MUITests.debug.xcconfig */,
				0EED4ECD9E80BFA54D18B69A /* Pods-M2MUITests.release.xcconfig */,
			);
			name = Pods;
			sourceTree = "<group>";
		};
		9E05E6E42063158300260C50 /* Vic's APIs */ = {
			isa = PBXGroup;
			children = (
				9E05E6DE20630CC900260C50 /* NetworkHelper.swift */,
				9E05E6E220630FD700260C50 /* AssignmentAPIHelper.swift */,
				9E05E6E020630D6100260C50 /* AppError.swift */,
				9E901F87207630120007649F /* ExerciseAPIHelper.swift */,
			);
			path = "Vic's AP\U0010Is";
			sourceTree = "<group>";
		};
		9E36F2872059CA2000D2D172 /* Supporting Files */ = {
			isa = PBXGroup;
			children = (
				2202A45D1F79B5410034330F /* variableList.swift */,
				22654B4C1F7398AF00FB32FA /* AppDelegate.swift */,
				22654B561F7398AF00FB32FA /* Assets.xcassets */,
				22E0FDB41FCA2B920070BB55 /* Default-568h@2x.png */,
				22DB88111F9771C800897D2B /* ConsentDocument.swift */,
				22DB88191F97724E00897D2B /* ConsentTask.swift */,
				227D05561FC4E0FD00D5BFB0 /* Dog Walk.xcdatamodeld */,
				22A29BBA1FB87AD10010B0AE /* File.swift */,
				22654B5B1F7398AF00FB32FA /* Info.plist */,
				229909271F75DD4D0041B9FB /* KDCircularProgress.swift */,
				222FAF9A1F9B40DC00288FE7 /* SurveyTask.swift */,
				22AE3B1C1F7884D500C27D0F /* TableViewCell.swift */,
				2201CCB11F742BDE00736AD5 /* UUIDKey.swift */,
			);
			path = "Supporting Files";
			sourceTree = "<group>";
		};
		9E36F2882059CA9A00D2D172 /* Views */ = {
			isa = PBXGroup;
			children = (
				2201CCAF1F741AC400736AD5 /* PeripheralTableViewCell.swift */,
			);
			path = Views;
			sourceTree = "<group>";
		};
		9E52B6B1206C136C004127B6 /* View Models */ = {
			isa = PBXGroup;
			children = (
				9EE4FCDB2059B30600A35A24 /* ExerciseParameterViewModel.swift */,
			);
			path = "View Models";
			sourceTree = "<group>";
		};
		9E52B6B2206C1DE9004127B6 /* Networking Managers */ = {
			isa = PBXGroup;
			children = (
				226FA4D31FDE0C2D0048B42C /* API.swift */,
				2280B257203CAAFD00E0A348 /* APIClient.swift */,
				222C587A203AC9A500265FFD /* APIManager.swift */,
				22D86140203D023000FE2FA6 /* APIRequest.swift */,
				221E31D0204E590D00C937E6 /* URLs.swift */,
			);
			path = "Networking Managers";
			sourceTree = "<group>";
		};
		9EE4FCEA2059C5EB00A35A24 /* Extensions */ = {
			isa = PBXGroup;
			children = (
				9E36F2822059C9A600D2D172 /* Double+Operations.swift */,
				9E36F2802059C9A600D2D172 /* String+Replacement.swift */,
				9E36F27F2059C9A600D2D172 /* TimeInterval+String.swift */,
				9E36F2812059C9A600D2D172 /* UIViewController+StoryboardInstantiation.swift */,
			);
			name = Extensions;
			path = ..;
			sourceTree = "<group>";
		};
/* End PBXGroup section */

/* Begin PBXNativeTarget section */
		22654B481F7398AF00FB32FA /* M2M */ = {
			isa = PBXNativeTarget;
			buildConfigurationList = 22654B741F7398B000FB32FA /* Build configuration list for PBXNativeTarget "M2M" */;
			buildPhases = (
				6D685C4AF4AC8867298D7FB5 /* [CP] Check Pods Manifest.lock */,
				22654B451F7398AF00FB32FA /* Sources */,
				22654B461F7398AF00FB32FA /* Frameworks */,
				22654B471F7398AF00FB32FA /* Resources */,
				22661AD41F96192B006BDCA2 /* Embed Frameworks */,
				1797973FFE2F9CB753771E53 /* [CP] Embed Pods Frameworks */,
				0DCB5D18E817B0A4A3F961C2 /* [CP] Copy Pods Resources */,
			);
			buildRules = (
			);
			dependencies = (
			);
			name = M2M;
			productName = thePrototype;
			productReference = 22654B491F7398AF00FB32FA /* M2M.app */;
			productType = "com.apple.product-type.application";
		};
		22654B5F1F7398AF00FB32FA /* M2MTests */ = {
			isa = PBXNativeTarget;
			buildConfigurationList = 22654B771F7398B000FB32FA /* Build configuration list for PBXNativeTarget "M2MTests" */;
			buildPhases = (
				BE86FC81734DA778158FF1A0 /* [CP] Check Pods Manifest.lock */,
				22654B5C1F7398AF00FB32FA /* Sources */,
				22654B5D1F7398AF00FB32FA /* Frameworks */,
				22654B5E1F7398AF00FB32FA /* Resources */,
				7181BD1C60EE1BE4F20B72AB /* [CP] Embed Pods Frameworks */,
				7C80BF5048974CE33C12CBCE /* [CP] Copy Pods Resources */,
			);
			buildRules = (
			);
			dependencies = (
				22654B621F7398AF00FB32FA /* PBXTargetDependency */,
			);
			name = M2MTests;
			productName = thePrototypeTests;
			productReference = 22654B601F7398AF00FB32FA /* M2MTests.xctest */;
			productType = "com.apple.product-type.bundle.unit-test";
		};
		22654B6A1F7398AF00FB32FA /* M2MUITests */ = {
			isa = PBXNativeTarget;
			buildConfigurationList = 22654B7A1F7398B000FB32FA /* Build configuration list for PBXNativeTarget "M2MUITests" */;
			buildPhases = (
				8034FBB656C28058BBD6E50F /* [CP] Check Pods Manifest.lock */,
				22654B671F7398AF00FB32FA /* Sources */,
				22654B681F7398AF00FB32FA /* Frameworks */,
				22654B691F7398AF00FB32FA /* Resources */,
				05D3839F720C0B4ACECF6D0D /* [CP] Embed Pods Frameworks */,
				B3E16D6C181E92EA4393A640 /* [CP] Copy Pods Resources */,
			);
			buildRules = (
			);
			dependencies = (
				22654B6D1F7398AF00FB32FA /* PBXTargetDependency */,
			);
			name = M2MUITests;
			productName = thePrototypeUITests;
			productReference = 22654B6B1F7398AF00FB32FA /* M2MUITests.xctest */;
			productType = "com.apple.product-type.bundle.ui-testing";
		};
/* End PBXNativeTarget section */

/* Begin PBXProject section */
		22654B411F7398AF00FB32FA /* Project object */ = {
			isa = PBXProject;
			attributes = {
				LastSwiftUpdateCheck = 0900;
				LastUpgradeCheck = 0900;
				ORGANIZATIONNAME = "Tran Sam";
				TargetAttributes = {
					22654B481F7398AF00FB32FA = {
						CreatedOnToolsVersion = 9.0;
						ProvisioningStyle = Automatic;
					};
					22654B5F1F7398AF00FB32FA = {
						CreatedOnToolsVersion = 9.0;
						ProvisioningStyle = Automatic;
						TestTargetID = 22654B481F7398AF00FB32FA;
					};
					22654B6A1F7398AF00FB32FA = {
						CreatedOnToolsVersion = 9.0;
						ProvisioningStyle = Automatic;
						TestTargetID = 22654B481F7398AF00FB32FA;
					};
				};
			};
			buildConfigurationList = 22654B441F7398AF00FB32FA /* Build configuration list for PBXProject "M2M" */;
			compatibilityVersion = "Xcode 8.0";
			developmentRegion = en;
			hasScannedForEncodings = 0;
			knownRegions = (
				en,
				Base,
			);
			mainGroup = 22654B401F7398AF00FB32FA;
			productRefGroup = 22654B4A1F7398AF00FB32FA /* Products */;
			projectDirPath = "";
			projectRoot = "";
			targets = (
				22654B481F7398AF00FB32FA /* M2M */,
				22654B5F1F7398AF00FB32FA /* M2MTests */,
				22654B6A1F7398AF00FB32FA /* M2MUITests */,
			);
		};
/* End PBXProject section */

/* Begin PBXResourcesBuildPhase section */
		22654B471F7398AF00FB32FA /* Resources */ = {
			isa = PBXResourcesBuildPhase;
			buildActionMask = 2147483647;
			files = (
				224F4D6F1FBCE99B005AF2A3 /* DoctorViewController.storyboard in Resources */,
				224F4D731FBCED8D005AF2A3 /* ExerciseViewController.storyboard in Resources */,
				224F4D711FBCED4D005AF2A3 /* bleViewController.storyboard in Resources */,
				22E0FDB91FCA2B920070BB55 /* Default-568h@2x.png in Resources */,
				222F86F71FC23F8200137AF9 /* ProgressViewController.storyboard in Resources */,
				227A5CF41FF026B400AD804A /* ProgressGeneralViewController.storyboard in Resources */,
				224F4D6D1FBCE610005AF2A3 /* PracticeViewController.storyboard in Resources */,
				2220F6D71FEA13230048EA27 /* DoctorProgressViewController.storyboard in Resources */,
				22654B571F7398AF00FB32FA /* Assets.xcassets in Resources */,
				224F4D761FBCF9DF005AF2A3 /* MainViewController.storyboard in Resources */,
				22654B521F7398AF00FB32FA /* LoginViewController.storyboard in Resources */,
				22DC55EB1FD07DFA00F881C4 /* ProgressDetailViewController.storyboard in Resources */,
				22C3B35A2041C8180011663C /* ExerciseParameterViewController.storyboard in Resources */,
			);
			runOnlyForDeploymentPostprocessing = 0;
		};
		22654B5E1F7398AF00FB32FA /* Resources */ = {
			isa = PBXResourcesBuildPhase;
			buildActionMask = 2147483647;
			files = (
			);
			runOnlyForDeploymentPostprocessing = 0;
		};
		22654B691F7398AF00FB32FA /* Resources */ = {
			isa = PBXResourcesBuildPhase;
			buildActionMask = 2147483647;
			files = (
			);
			runOnlyForDeploymentPostprocessing = 0;
		};
/* End PBXResourcesBuildPhase section */

/* Begin PBXShellScriptBuildPhase section */
		05D3839F720C0B4ACECF6D0D /* [CP] Embed Pods Frameworks */ = {
			isa = PBXShellScriptBuildPhase;
			buildActionMask = 2147483647;
			files = (
			);
			inputPaths = (
			);
			name = "[CP] Embed Pods Frameworks";
			outputPaths = (
			);
			runOnlyForDeploymentPostprocessing = 0;
			shellPath = /bin/sh;
			shellScript = "\"${SRCROOT}/Pods/Target Support Files/Pods-M2MUITests/Pods-M2MUITests-frameworks.sh\"\n";
			showEnvVarsInLog = 0;
		};
		0DCB5D18E817B0A4A3F961C2 /* [CP] Copy Pods Resources */ = {
			isa = PBXShellScriptBuildPhase;
			buildActionMask = 2147483647;
			files = (
			);
			inputPaths = (
			);
			name = "[CP] Copy Pods Resources";
			outputPaths = (
			);
			runOnlyForDeploymentPostprocessing = 0;
			shellPath = /bin/sh;
			shellScript = "\"${SRCROOT}/Pods/Target Support Files/Pods-M2M/Pods-M2M-resources.sh\"\n";
			showEnvVarsInLog = 0;
		};
		1797973FFE2F9CB753771E53 /* [CP] Embed Pods Frameworks */ = {
			isa = PBXShellScriptBuildPhase;
			buildActionMask = 2147483647;
			files = (
			);
			inputPaths = (
				"${SRCROOT}/Pods/Target Support Files/Pods-M2M/Pods-M2M-frameworks.sh",
				"${BUILT_PRODUCTS_DIR}/Action/Action.framework",
				"${BUILT_PRODUCTS_DIR}/Charts/Charts.framework",
				"${BUILT_PRODUCTS_DIR}/ResearchKit/ResearchKit.framework",
				"${BUILT_PRODUCTS_DIR}/RxCocoa/RxCocoa.framework",
				"${BUILT_PRODUCTS_DIR}/RxCodable/RxCodable.framework",
				"${BUILT_PRODUCTS_DIR}/RxSwift/RxSwift.framework",
			);
			name = "[CP] Embed Pods Frameworks";
			outputPaths = (
				"${TARGET_BUILD_DIR}/${FRAMEWORKS_FOLDER_PATH}/Action.framework",
				"${TARGET_BUILD_DIR}/${FRAMEWORKS_FOLDER_PATH}/Charts.framework",
				"${TARGET_BUILD_DIR}/${FRAMEWORKS_FOLDER_PATH}/ResearchKit.framework",
				"${TARGET_BUILD_DIR}/${FRAMEWORKS_FOLDER_PATH}/RxCocoa.framework",
				"${TARGET_BUILD_DIR}/${FRAMEWORKS_FOLDER_PATH}/RxCodable.framework",
				"${TARGET_BUILD_DIR}/${FRAMEWORKS_FOLDER_PATH}/RxSwift.framework",
			);
			runOnlyForDeploymentPostprocessing = 0;
			shellPath = /bin/sh;
			shellScript = "\"${SRCROOT}/Pods/Target Support Files/Pods-M2M/Pods-M2M-frameworks.sh\"\n";
			showEnvVarsInLog = 0;
		};
		6D685C4AF4AC8867298D7FB5 /* [CP] Check Pods Manifest.lock */ = {
			isa = PBXShellScriptBuildPhase;
			buildActionMask = 2147483647;
			files = (
			);
			inputPaths = (
				"${PODS_PODFILE_DIR_PATH}/Podfile.lock",
				"${PODS_ROOT}/Manifest.lock",
			);
			name = "[CP] Check Pods Manifest.lock";
			outputPaths = (
				"$(DERIVED_FILE_DIR)/Pods-M2M-checkManifestLockResult.txt",
			);
			runOnlyForDeploymentPostprocessing = 0;
			shellPath = /bin/sh;
			shellScript = "diff \"${PODS_PODFILE_DIR_PATH}/Podfile.lock\" \"${PODS_ROOT}/Manifest.lock\" > /dev/null\nif [ $? != 0 ] ; then\n    # print error to STDERR\n    echo \"error: The sandbox is not in sync with the Podfile.lock. Run 'pod install' or update your CocoaPods installation.\" >&2\n    exit 1\nfi\n# This output is used by Xcode 'outputs' to avoid re-running this script phase.\necho \"SUCCESS\" > \"${SCRIPT_OUTPUT_FILE_0}\"\n";
			showEnvVarsInLog = 0;
		};
		7181BD1C60EE1BE4F20B72AB /* [CP] Embed Pods Frameworks */ = {
			isa = PBXShellScriptBuildPhase;
			buildActionMask = 2147483647;
			files = (
			);
			inputPaths = (
				"${SRCROOT}/Pods/Target Support Files/Pods-M2MTests/Pods-M2MTests-frameworks.sh",
				"${BUILT_PRODUCTS_DIR}/RxSwift/RxSwift.framework",
				"${BUILT_PRODUCTS_DIR}/RxBlocking/RxBlocking.framework",
				"${BUILT_PRODUCTS_DIR}/RxTest/RxTest.framework",
			);
			name = "[CP] Embed Pods Frameworks";
			outputPaths = (
				"${TARGET_BUILD_DIR}/${FRAMEWORKS_FOLDER_PATH}/RxSwift.framework",
				"${TARGET_BUILD_DIR}/${FRAMEWORKS_FOLDER_PATH}/RxBlocking.framework",
				"${TARGET_BUILD_DIR}/${FRAMEWORKS_FOLDER_PATH}/RxTest.framework",
			);
			runOnlyForDeploymentPostprocessing = 0;
			shellPath = /bin/sh;
			shellScript = "\"${SRCROOT}/Pods/Target Support Files/Pods-M2MTests/Pods-M2MTests-frameworks.sh\"\n";
			showEnvVarsInLog = 0;
		};
		7C80BF5048974CE33C12CBCE /* [CP] Copy Pods Resources */ = {
			isa = PBXShellScriptBuildPhase;
			buildActionMask = 2147483647;
			files = (
			);
			inputPaths = (
			);
			name = "[CP] Copy Pods Resources";
			outputPaths = (
			);
			runOnlyForDeploymentPostprocessing = 0;
			shellPath = /bin/sh;
			shellScript = "\"${SRCROOT}/Pods/Target Support Files/Pods-M2MTests/Pods-M2MTests-resources.sh\"\n";
			showEnvVarsInLog = 0;
		};
		8034FBB656C28058BBD6E50F /* [CP] Check Pods Manifest.lock */ = {
			isa = PBXShellScriptBuildPhase;
			buildActionMask = 2147483647;
			files = (
			);
			inputPaths = (
				"${PODS_PODFILE_DIR_PATH}/Podfile.lock",
				"${PODS_ROOT}/Manifest.lock",
			);
			name = "[CP] Check Pods Manifest.lock";
			outputPaths = (
				"$(DERIVED_FILE_DIR)/Pods-M2MUITests-checkManifestLockResult.txt",
			);
			runOnlyForDeploymentPostprocessing = 0;
			shellPath = /bin/sh;
			shellScript = "diff \"${PODS_PODFILE_DIR_PATH}/Podfile.lock\" \"${PODS_ROOT}/Manifest.lock\" > /dev/null\nif [ $? != 0 ] ; then\n    # print error to STDERR\n    echo \"error: The sandbox is not in sync with the Podfile.lock. Run 'pod install' or update your CocoaPods installation.\" >&2\n    exit 1\nfi\n# This output is used by Xcode 'outputs' to avoid re-running this script phase.\necho \"SUCCESS\" > \"${SCRIPT_OUTPUT_FILE_0}\"\n";
			showEnvVarsInLog = 0;
		};
		B3E16D6C181E92EA4393A640 /* [CP] Copy Pods Resources */ = {
			isa = PBXShellScriptBuildPhase;
			buildActionMask = 2147483647;
			files = (
			);
			inputPaths = (
			);
			name = "[CP] Copy Pods Resources";
			outputPaths = (
			);
			runOnlyForDeploymentPostprocessing = 0;
			shellPath = /bin/sh;
			shellScript = "\"${SRCROOT}/Pods/Target Support Files/Pods-M2MUITests/Pods-M2MUITests-resources.sh\"\n";
			showEnvVarsInLog = 0;
		};
		BE86FC81734DA778158FF1A0 /* [CP] Check Pods Manifest.lock */ = {
			isa = PBXShellScriptBuildPhase;
			buildActionMask = 2147483647;
			files = (
			);
			inputPaths = (
				"${PODS_PODFILE_DIR_PATH}/Podfile.lock",
				"${PODS_ROOT}/Manifest.lock",
			);
			name = "[CP] Check Pods Manifest.lock";
			outputPaths = (
				"$(DERIVED_FILE_DIR)/Pods-M2MTests-checkManifestLockResult.txt",
			);
			runOnlyForDeploymentPostprocessing = 0;
			shellPath = /bin/sh;
			shellScript = "diff \"${PODS_PODFILE_DIR_PATH}/Podfile.lock\" \"${PODS_ROOT}/Manifest.lock\" > /dev/null\nif [ $? != 0 ] ; then\n    # print error to STDERR\n    echo \"error: The sandbox is not in sync with the Podfile.lock. Run 'pod install' or update your CocoaPods installation.\" >&2\n    exit 1\nfi\n# This output is used by Xcode 'outputs' to avoid re-running this script phase.\necho \"SUCCESS\" > \"${SCRIPT_OUTPUT_FILE_0}\"\n";
			showEnvVarsInLog = 0;
		};
/* End PBXShellScriptBuildPhase section */

/* Begin PBXSourcesBuildPhase section */
		22654B451F7398AF00FB32FA /* Sources */ = {
			isa = PBXSourcesBuildPhase;
			buildActionMask = 2147483647;
			files = (
				9E36F2852059C9A600D2D172 /* UIViewController+StoryboardInstantiation.swift in Sources */,
				9E52B6B6206C1E16004127B6 /* Defaults.swift in Sources */,
				222F86F51FC23F5600137AF9 /* ProgressViewController.swift in Sources */,
				9E05E6E320630FD700260C50 /* AssignmentAPIHelper.swift in Sources */,
				22A912B91FF639830073DA87 /* PatientData.swift in Sources */,
				22691AD520407DF1009E9AF2 /* ExerciseList.swift in Sources */,
				2201CCB21F742BDE00736AD5 /* UUIDKey.swift in Sources */,
				9E5EBD7D206B54C100897836 /* Therapist.swift in Sources */,
				22DC55ED1FD07E6D00F881C4 /* ProgressDetailViewController.swift in Sources */,
				2218BC781F7ABE7D009C7434 /* DoctorViewController.swift in Sources */,
				22654B4F1F7398AF00FB32FA /* LoginViewController.swift in Sources */,
				22E9D5331FE9BBD800901B24 /* Walk+CoreDataClass.swift in Sources */,
				9E5EBD7F206B552500897836 /* LoginData.swift in Sources */,
				2220F6D91FEA138C0048EA27 /* DoctorProgressViewController.swift in Sources */,
				9E36F27E2059C81800D2D172 /* AppStoryboard.swift in Sources */,
				22AE3B1D1F7884D500C27D0F /* TableViewCell.swift in Sources */,
				2201CCAE1F74178100736AD5 /* bleViewController.swift in Sources */,
				226FA4D41FDE0C2D0048B42C /* API.swift in Sources */,
				9E901F88207630120007649F /* ExerciseAPIHelper.swift in Sources */,
				222C587B203AC9A500265FFD /* APIManager.swift in Sources */,
				22D86145203D059500FE2FA6 /* Exercise.swift in Sources */,
				22D86149203D32F200FE2FA6 /* Activity.swift in Sources */,
				22654B4D1F7398AF00FB32FA /* AppDelegate.swift in Sources */,
				9E7CD7CC205F67880045C666 /* Assignment.swift in Sources */,
				9E05E6DF20630CCA00260C50 /* NetworkHelper.swift in Sources */,
				22D86141203D023000FE2FA6 /* APIRequest.swift in Sources */,
				22E9D5311FE9BBD800901B24 /* Dog+CoreDataClass.swift in Sources */,
				22A29BBB1FB87AD10010B0AE /* File.swift in Sources */,
				22E9D5321FE9BBD800901B24 /* Dog+CoreDataProperties.swift in Sources */,
				9E36F2842059C9A600D2D172 /* String+Replacement.swift in Sources */,
				22E9D5341FE9BBD800901B24 /* Walk+CoreDataProperties.swift in Sources */,
				22D86147203D201200FE2FA6 /* ExerciseData.swift in Sources */,
				222FAF9B1F9B40DC00288FE7 /* SurveyTask.swift in Sources */,
				9EE4FCE02059B30600A35A24 /* ExerciseParameterViewController.swift in Sources */,
				229909281F75DD4D0041B9FB /* KDCircularProgress.swift in Sources */,
				22DB881A1F97724E00897D2B /* ConsentTask.swift in Sources */,
				22D86143203D030D00FE2FA6 /* FetchDataManager.swift in Sources */,
				22DEEA6D1FC6EB0600117FE4 /* CoreDataStack.swift in Sources */,
				9E36F2832059C9A600D2D172 /* TimeInterval+String.swift in Sources */,
				9EE4FCDF2059B30600A35A24 /* ProgressGeneralViewController.swift in Sources */,
				2208E5331F74B98B00C74074 /* PracticeViewController.swift in Sources */,
				22DB88121F9771C800897D2B /* ConsentDocument.swift in Sources */,
				9E05E6E120630D6100260C50 /* AppError.swift in Sources */,
				9E5EBD81206B557600897836 /* AuthData.swift in Sources */,
				22E38F001F73B8B30031B7A9 /* MainViewController.swift in Sources */,
				9E36F2862059C9A600D2D172 /* Double+Operations.swift in Sources */,
				2202A45E1F79B5410034330F /* variableList.swift in Sources */,
				9EE4FCDE2059B30600A35A24 /* ExerciseParameterViewModel.swift in Sources */,
				22AE3B1F1F7884FE00C27D0F /* ExerciseViewController.swift in Sources */,
				2201CCB01F741AC400736AD5 /* PeripheralTableViewCell.swift in Sources */,
				227D05581FC4E0FD00D5BFB0 /* Dog Walk.xcdatamodeld in Sources */,
				221E31D1204E590D00C937E6 /* URLs.swift in Sources */,
				2280B258203CAAFD00E0A348 /* APIClient.swift in Sources */,
			);
			runOnlyForDeploymentPostprocessing = 0;
		};
		22654B5C1F7398AF00FB32FA /* Sources */ = {
			isa = PBXSourcesBuildPhase;
			buildActionMask = 2147483647;
			files = (
			);
			runOnlyForDeploymentPostprocessing = 0;
		};
		22654B671F7398AF00FB32FA /* Sources */ = {
			isa = PBXSourcesBuildPhase;
			buildActionMask = 2147483647;
			files = (
			);
			runOnlyForDeploymentPostprocessing = 0;
		};
/* End PBXSourcesBuildPhase section */

/* Begin PBXTargetDependency section */
		22654B621F7398AF00FB32FA /* PBXTargetDependency */ = {
			isa = PBXTargetDependency;
			target = 22654B481F7398AF00FB32FA /* M2M */;
			targetProxy = 22654B611F7398AF00FB32FA /* PBXContainerItemProxy */;
		};
		22654B6D1F7398AF00FB32FA /* PBXTargetDependency */ = {
			isa = PBXTargetDependency;
			target = 22654B481F7398AF00FB32FA /* M2M */;
			targetProxy = 22654B6C1F7398AF00FB32FA /* PBXContainerItemProxy */;
		};
/* End PBXTargetDependency section */

/* Begin PBXVariantGroup section */
		22654B501F7398AF00FB32FA /* LoginViewController.storyboard */ = {
			isa = PBXVariantGroup;
			children = (
				22654B511F7398AF00FB32FA /* Base */,
			);
			name = LoginViewController.storyboard;
			sourceTree = "<group>";
		};
/* End PBXVariantGroup section */

/* Begin XCBuildConfiguration section */
		22654B721F7398B000FB32FA /* Debug */ = {
			isa = XCBuildConfiguration;
			buildSettings = {
				ALWAYS_SEARCH_USER_PATHS = NO;
				CLANG_ANALYZER_NONNULL = YES;
				CLANG_ANALYZER_NUMBER_OBJECT_CONVERSION = YES_AGGRESSIVE;
				CLANG_CXX_LANGUAGE_STANDARD = "gnu++14";
				CLANG_CXX_LIBRARY = "libc++";
				CLANG_ENABLE_MODULES = YES;
				CLANG_ENABLE_OBJC_ARC = YES;
				CLANG_WARN_BLOCK_CAPTURE_AUTORELEASING = YES;
				CLANG_WARN_BOOL_CONVERSION = YES;
				CLANG_WARN_COMMA = YES;
				CLANG_WARN_CONSTANT_CONVERSION = YES;
				CLANG_WARN_DIRECT_OBJC_ISA_USAGE = YES_ERROR;
				CLANG_WARN_DOCUMENTATION_COMMENTS = YES;
				CLANG_WARN_EMPTY_BODY = YES;
				CLANG_WARN_ENUM_CONVERSION = YES;
				CLANG_WARN_INFINITE_RECURSION = YES;
				CLANG_WARN_INT_CONVERSION = YES;
				CLANG_WARN_NON_LITERAL_NULL_CONVERSION = YES;
				CLANG_WARN_OBJC_LITERAL_CONVERSION = YES;
				CLANG_WARN_OBJC_ROOT_CLASS = YES_ERROR;
				CLANG_WARN_RANGE_LOOP_ANALYSIS = YES;
				CLANG_WARN_STRICT_PROTOTYPES = YES;
				CLANG_WARN_SUSPICIOUS_MOVE = YES;
				CLANG_WARN_UNGUARDED_AVAILABILITY = YES_AGGRESSIVE;
				CLANG_WARN_UNREACHABLE_CODE = YES;
				CLANG_WARN__DUPLICATE_METHOD_MATCH = YES;
				CODE_SIGN_IDENTITY = "iPhone Developer";
				COPY_PHASE_STRIP = NO;
				DEBUG_INFORMATION_FORMAT = dwarf;
				ENABLE_STRICT_OBJC_MSGSEND = YES;
				ENABLE_TESTABILITY = YES;
				GCC_C_LANGUAGE_STANDARD = gnu11;
				GCC_DYNAMIC_NO_PIC = NO;
				GCC_NO_COMMON_BLOCKS = YES;
				GCC_OPTIMIZATION_LEVEL = 0;
				GCC_PREPROCESSOR_DEFINITIONS = (
					"DEBUG=1",
					"$(inherited)",
				);
				GCC_WARN_64_TO_32_BIT_CONVERSION = YES;
				GCC_WARN_ABOUT_RETURN_TYPE = YES_ERROR;
				GCC_WARN_UNDECLARED_SELECTOR = YES;
				GCC_WARN_UNINITIALIZED_AUTOS = YES_AGGRESSIVE;
				GCC_WARN_UNUSED_FUNCTION = YES;
				GCC_WARN_UNUSED_VARIABLE = YES;
				IPHONEOS_DEPLOYMENT_TARGET = 11.0;
				MTL_ENABLE_DEBUG_INFO = YES;
				ONLY_ACTIVE_ARCH = YES;
				SDKROOT = iphoneos;
				SWIFT_ACTIVE_COMPILATION_CONDITIONS = DEBUG;
				SWIFT_OPTIMIZATION_LEVEL = "-Onone";
			};
			name = Debug;
		};
		22654B731F7398B000FB32FA /* Release */ = {
			isa = XCBuildConfiguration;
			buildSettings = {
				ALWAYS_SEARCH_USER_PATHS = NO;
				CLANG_ANALYZER_NONNULL = YES;
				CLANG_ANALYZER_NUMBER_OBJECT_CONVERSION = YES_AGGRESSIVE;
				CLANG_CXX_LANGUAGE_STANDARD = "gnu++14";
				CLANG_CXX_LIBRARY = "libc++";
				CLANG_ENABLE_MODULES = YES;
				CLANG_ENABLE_OBJC_ARC = YES;
				CLANG_WARN_BLOCK_CAPTURE_AUTORELEASING = YES;
				CLANG_WARN_BOOL_CONVERSION = YES;
				CLANG_WARN_COMMA = YES;
				CLANG_WARN_CONSTANT_CONVERSION = YES;
				CLANG_WARN_DIRECT_OBJC_ISA_USAGE = YES_ERROR;
				CLANG_WARN_DOCUMENTATION_COMMENTS = YES;
				CLANG_WARN_EMPTY_BODY = YES;
				CLANG_WARN_ENUM_CONVERSION = YES;
				CLANG_WARN_INFINITE_RECURSION = YES;
				CLANG_WARN_INT_CONVERSION = YES;
				CLANG_WARN_NON_LITERAL_NULL_CONVERSION = YES;
				CLANG_WARN_OBJC_LITERAL_CONVERSION = YES;
				CLANG_WARN_OBJC_ROOT_CLASS = YES_ERROR;
				CLANG_WARN_RANGE_LOOP_ANALYSIS = YES;
				CLANG_WARN_STRICT_PROTOTYPES = YES;
				CLANG_WARN_SUSPICIOUS_MOVE = YES;
				CLANG_WARN_UNGUARDED_AVAILABILITY = YES_AGGRESSIVE;
				CLANG_WARN_UNREACHABLE_CODE = YES;
				CLANG_WARN__DUPLICATE_METHOD_MATCH = YES;
				CODE_SIGN_IDENTITY = "iPhone Developer";
				COPY_PHASE_STRIP = NO;
				DEBUG_INFORMATION_FORMAT = "dwarf-with-dsym";
				ENABLE_NS_ASSERTIONS = NO;
				ENABLE_STRICT_OBJC_MSGSEND = YES;
				GCC_C_LANGUAGE_STANDARD = gnu11;
				GCC_NO_COMMON_BLOCKS = YES;
				GCC_WARN_64_TO_32_BIT_CONVERSION = YES;
				GCC_WARN_ABOUT_RETURN_TYPE = YES_ERROR;
				GCC_WARN_UNDECLARED_SELECTOR = YES;
				GCC_WARN_UNINITIALIZED_AUTOS = YES_AGGRESSIVE;
				GCC_WARN_UNUSED_FUNCTION = YES;
				GCC_WARN_UNUSED_VARIABLE = YES;
				IPHONEOS_DEPLOYMENT_TARGET = 11.0;
				MTL_ENABLE_DEBUG_INFO = NO;
				SDKROOT = iphoneos;
				SWIFT_OPTIMIZATION_LEVEL = "-Owholemodule";
				VALIDATE_PRODUCT = YES;
			};
			name = Release;
		};
		22654B751F7398B000FB32FA /* Debug */ = {
			isa = XCBuildConfiguration;
			baseConfigurationReference = C48B4B07ABF06176AAC03DDB /* Pods-M2M.debug.xcconfig */;
			buildSettings = {
				ASSETCATALOG_COMPILER_APPICON_NAME = AppIcon;
				CODE_SIGN_STYLE = Automatic;
				DEVELOPMENT_TEAM = 26RHXP32FH;
				INFOPLIST_FILE = "$(SRCROOT)/M2M/Supporting Files/Info.plist";
				LD_RUNPATH_SEARCH_PATHS = "$(inherited) @executable_path/Frameworks";
				PRODUCT_BUNDLE_IDENTIFIER = "trackitivity-v1";
				PRODUCT_NAME = "$(TARGET_NAME)";
				SWIFT_VERSION = 4.0;
				TARGETED_DEVICE_FAMILY = 1;
			};
			name = Debug;
		};
		22654B761F7398B000FB32FA /* Release */ = {
			isa = XCBuildConfiguration;
			baseConfigurationReference = 46F66DF9B6F6735E88CEB254 /* Pods-M2M.release.xcconfig */;
			buildSettings = {
				ASSETCATALOG_COMPILER_APPICON_NAME = AppIcon;
				CODE_SIGN_STYLE = Automatic;
				DEVELOPMENT_TEAM = 26RHXP32FH;
				INFOPLIST_FILE = "$(SRCROOT)/M2M/Supporting Files/Info.plist";
				LD_RUNPATH_SEARCH_PATHS = "$(inherited) @executable_path/Frameworks";
				PRODUCT_BUNDLE_IDENTIFIER = "trackitivity-v1";
				PRODUCT_NAME = "$(TARGET_NAME)";
				SWIFT_VERSION = 4.0;
				TARGETED_DEVICE_FAMILY = 1;
			};
			name = Release;
		};
		22654B781F7398B000FB32FA /* Debug */ = {
			isa = XCBuildConfiguration;
			baseConfigurationReference = 19F0F593F9B0933472AFB651 /* Pods-M2MTests.debug.xcconfig */;
			buildSettings = {
				ALWAYS_EMBED_SWIFT_STANDARD_LIBRARIES = YES;
				BUNDLE_LOADER = "$(TEST_HOST)";
				CODE_SIGN_STYLE = Automatic;
				DEVELOPMENT_TEAM = NCYPEHY28G;
				INFOPLIST_FILE = thePrototypeTests/Info.plist;
				LD_RUNPATH_SEARCH_PATHS = "$(inherited) @executable_path/Frameworks @loader_path/Frameworks";
				PRODUCT_BUNDLE_IDENTIFIER = Sam.thePrototypeTests;
				PRODUCT_NAME = "$(TARGET_NAME)";
				SWIFT_VERSION = 4.0;
				TARGETED_DEVICE_FAMILY = "1,2";
				TEST_HOST = "$(BUILT_PRODUCTS_DIR)/M2M.app/M2M";
			};
			name = Debug;
		};
		22654B791F7398B000FB32FA /* Release */ = {
			isa = XCBuildConfiguration;
			baseConfigurationReference = DC66F12BB3EAEF4ABC505852 /* Pods-M2MTests.release.xcconfig */;
			buildSettings = {
				ALWAYS_EMBED_SWIFT_STANDARD_LIBRARIES = YES;
				BUNDLE_LOADER = "$(TEST_HOST)";
				CODE_SIGN_STYLE = Automatic;
				DEVELOPMENT_TEAM = NCYPEHY28G;
				INFOPLIST_FILE = thePrototypeTests/Info.plist;
				LD_RUNPATH_SEARCH_PATHS = "$(inherited) @executable_path/Frameworks @loader_path/Frameworks";
				PRODUCT_BUNDLE_IDENTIFIER = Sam.thePrototypeTests;
				PRODUCT_NAME = "$(TARGET_NAME)";
				SWIFT_VERSION = 4.0;
				TARGETED_DEVICE_FAMILY = "1,2";
				TEST_HOST = "$(BUILT_PRODUCTS_DIR)/M2M.app/M2M";
			};
			name = Release;
		};
		22654B7B1F7398B000FB32FA /* Debug */ = {
			isa = XCBuildConfiguration;
			baseConfigurationReference = 5D8CE85C6D47B125D4281F02 /* Pods-M2MUITests.debug.xcconfig */;
			buildSettings = {
				ALWAYS_EMBED_SWIFT_STANDARD_LIBRARIES = YES;
				CODE_SIGN_STYLE = Automatic;
				DEVELOPMENT_TEAM = NCYPEHY28G;
				INFOPLIST_FILE = thePrototypeUITests/Info.plist;
				LD_RUNPATH_SEARCH_PATHS = "$(inherited) @executable_path/Frameworks @loader_path/Frameworks";
				PRODUCT_BUNDLE_IDENTIFIER = Sam.thePrototypeUITests;
				PRODUCT_NAME = "$(TARGET_NAME)";
				SWIFT_VERSION = 4.0;
				TARGETED_DEVICE_FAMILY = "1,2";
				TEST_TARGET_NAME = thePrototype;
			};
			name = Debug;
		};
		22654B7C1F7398B000FB32FA /* Release */ = {
			isa = XCBuildConfiguration;
			baseConfigurationReference = 0EED4ECD9E80BFA54D18B69A /* Pods-M2MUITests.release.xcconfig */;
			buildSettings = {
				ALWAYS_EMBED_SWIFT_STANDARD_LIBRARIES = YES;
				CODE_SIGN_STYLE = Automatic;
				DEVELOPMENT_TEAM = NCYPEHY28G;
				INFOPLIST_FILE = thePrototypeUITests/Info.plist;
				LD_RUNPATH_SEARCH_PATHS = "$(inherited) @executable_path/Frameworks @loader_path/Frameworks";
				PRODUCT_BUNDLE_IDENTIFIER = Sam.thePrototypeUITests;
				PRODUCT_NAME = "$(TARGET_NAME)";
				SWIFT_VERSION = 4.0;
				TARGETED_DEVICE_FAMILY = "1,2";
				TEST_TARGET_NAME = thePrototype;
			};
			name = Release;
		};
/* End XCBuildConfiguration section */

/* Begin XCConfigurationList section */
		22654B441F7398AF00FB32FA /* Build configuration list for PBXProject "M2M" */ = {
			isa = XCConfigurationList;
			buildConfigurations = (
				22654B721F7398B000FB32FA /* Debug */,
				22654B731F7398B000FB32FA /* Release */,
			);
			defaultConfigurationIsVisible = 0;
			defaultConfigurationName = Release;
		};
		22654B741F7398B000FB32FA /* Build configuration list for PBXNativeTarget "M2M" */ = {
			isa = XCConfigurationList;
			buildConfigurations = (
				22654B751F7398B000FB32FA /* Debug */,
				22654B761F7398B000FB32FA /* Release */,
			);
			defaultConfigurationIsVisible = 0;
			defaultConfigurationName = Release;
		};
		22654B771F7398B000FB32FA /* Build configuration list for PBXNativeTarget "M2MTests" */ = {
			isa = XCConfigurationList;
			buildConfigurations = (
				22654B781F7398B000FB32FA /* Debug */,
				22654B791F7398B000FB32FA /* Release */,
			);
			defaultConfigurationIsVisible = 0;
			defaultConfigurationName = Release;
		};
		22654B7A1F7398B000FB32FA /* Build configuration list for PBXNativeTarget "M2MUITests" */ = {
			isa = XCConfigurationList;
			buildConfigurations = (
				22654B7B1F7398B000FB32FA /* Debug */,
				22654B7C1F7398B000FB32FA /* Release */,
			);
			defaultConfigurationIsVisible = 0;
			defaultConfigurationName = Release;
		};
/* End XCConfigurationList section */

/* Begin XCVersionGroup section */
		227D05561FC4E0FD00D5BFB0 /* Dog Walk.xcdatamodeld */ = {
			isa = XCVersionGroup;
			children = (
				227D05571FC4E0FD00D5BFB0 /* Dog Walk.xcdatamodel */,
			);
			currentVersion = 227D05571FC4E0FD00D5BFB0 /* Dog Walk.xcdatamodel */;
			path = "Dog Walk.xcdatamodeld";
			sourceTree = "<group>";
			versionGroupType = wrapper.xcdatamodel;
		};
/* End XCVersionGroup section */
	};
	rootObject = 22654B411F7398AF00FB32FA /* Project object */;
}
